
Microsoft Visual Studio Solution File, Format Version 12.00
# Visual Studio 15
VisualStudioVersion = 15.0.28010.2046
MinimumVisualStudioVersion = 10.0.40219.1
Project("{FAE04EC0-301F-11D3-BF4B-00C04F79EFBC}") = "cs_lesson3", "cs_lesson3\cs_lesson3.csproj", "{FCBA3344-9035-428B-8C76-D59AB8A52BDC}"
EndProject
Global
	GlobalSection(SolutionConfigurationPlatforms) = preSolution
		Debug|Any CPU = Debug|Any CPU
		Release|Any CPU = Release|Any CPU
	EndGlobalSection
	GlobalSection(ProjectConfigurationPlatforms) = postSolution
		{FCBA3344-9035-428B-8C76-D59AB8A52BDC}.Debug|Any CPU.ActiveCfg = Debug|Any CPU
		{FCBA3344-9035-428B-8C76-D59AB8A52BDC}.Debug|Any CPU.Build.0 = Debug|Any CPU
		{FCBA3344-9035-428B-8C76-D59AB8A52BDC}.Release|Any CPU.ActiveCfg = Release|Any CPU
		{FCBA3344-9035-428B-8C76-D59AB8A52BDC}.Release|Any CPU.Build.0 = Release|Any CPU
	EndGlobalSection
	GlobalSection(SolutionProperties) = preSolution
		HideSolutionNode = FALSE
	EndGlobalSection
	GlobalSection(ExtensibilityGlobals) = postSolution
		SolutionGuid = {45BD0CD6-953F-44B2-B77D-D7C740CA62D8}
	EndGlobalSection
EndGlobal
